
Microsoft Visual Studio Solution File, Format Version 12.00
# Visual Studio Version 17
VisualStudioVersion = 17.8.34511.84
MinimumVisualStudioVersion = 10.0.40219.1
Project("{8BC9CEB8-8B4A-11D0-8D11-00A0C91BC942}") = "SLD Maze Game", "SLD Maze Game\SLD Maze Game.vcxproj", "{48692867-00AC-4971-82B9-E948A0391444}"
EndProject
Global
	GlobalSection(SolutionConfigurationPlatforms) = preSolution
		Debug|x64 = Debug|x64
		Debug|x86 = Debug|x86
		Release|x64 = Release|x64
		Release|x86 = Release|x86
	EndGlobalSection
	GlobalSection(ProjectConfigurationPlatforms) = postSolution
		{48692867-00AC-4971-82B9-E948A0391444}.Debug|x64.ActiveCfg = Debug|x64
		{48692867-00AC-4971-82B9-E948A0391444}.Debug|x64.Build.0 = Debug|x64
		{48692867-00AC-4971-82B9-E948A0391444}.Debug|x86.ActiveCfg = Debug|Win32
		{48692867-00AC-4971-82B9-E948A0391444}.Debug|x86.Build.0 = Debug|Win32
		{48692867-00AC-4971-82B9-E948A0391444}.Release|x64.ActiveCfg = Release|x64
		{48692867-00AC-4971-82B9-E948A0391444}.Release|x64.Build.0 = Release|x64
		{48692867-00AC-4971-82B9-E948A0391444}.Release|x86.ActiveCfg = Release|Win32
		{48692867-00AC-4971-82B9-E948A0391444}.Release|x86.Build.0 = Release|Win32
	EndGlobalSection
	GlobalSection(SolutionProperties) = preSolution
		HideSolutionNode = FALSE
	EndGlobalSection
	GlobalSection(ExtensibilityGlobals) = postSolution
		SolutionGuid = {573CB640-0BE8-41C7-AE57-6546786D7312}
	EndGlobalSection
EndGlobal
