
Microsoft Visual Studio Solution File, Format Version 12.00
# Visual Studio Version 17
VisualStudioVersion = 17.7.34024.191
MinimumVisualStudioVersion = 10.0.40219.1
Project("{8BC9CEB8-8B4A-11D0-8D11-00A0C91BC942}") = "GAP225_Final_Fall2023", "GAP225_Final_Fall2023\GAP225_Final_Fall2023.vcxproj", "{135FE795-15F7-4AC5-B486-6F41676ED99F}"
EndProject
Global
	GlobalSection(SolutionConfigurationPlatforms) = preSolution
		Debug|x64 = Debug|x64
		Debug|x86 = Debug|x86
		Release|x64 = Release|x64
		Release|x86 = Release|x86
	EndGlobalSection
	GlobalSection(ProjectConfigurationPlatforms) = postSolution
		{135FE795-15F7-4AC5-B486-6F41676ED99F}.Debug|x64.ActiveCfg = Debug|x64
		{135FE795-15F7-4AC5-B486-6F41676ED99F}.Debug|x64.Build.0 = Debug|x64
		{135FE795-15F7-4AC5-B486-6F41676ED99F}.Debug|x86.ActiveCfg = Debug|Win32
		{135FE795-15F7-4AC5-B486-6F41676ED99F}.Debug|x86.Build.0 = Debug|Win32
		{135FE795-15F7-4AC5-B486-6F41676ED99F}.Release|x64.ActiveCfg = Release|x64
		{135FE795-15F7-4AC5-B486-6F41676ED99F}.Release|x64.Build.0 = Release|x64
		{135FE795-15F7-4AC5-B486-6F41676ED99F}.Release|x86.ActiveCfg = Release|Win32
		{135FE795-15F7-4AC5-B486-6F41676ED99F}.Release|x86.Build.0 = Release|Win32
	EndGlobalSection
	GlobalSection(SolutionProperties) = preSolution
		HideSolutionNode = FALSE
	EndGlobalSection
	GlobalSection(ExtensibilityGlobals) = postSolution
		SolutionGuid = {3732F5A1-CFA9-4623-9D31-08C3A270A0B6}
	EndGlobalSection
EndGlobal
