<?xml version="1.0" encoding="utf-8"?>
<Project ToolsVersion="4.0" xmlns="http://schemas.microsoft.com/developer/msbuild/2003">
  <ItemGroup>
    <Filter Include="Source Files">
      <UniqueIdentifier>{4FC737F1-C7A5-4376-A066-2A32D752A2FF}</UniqueIdentifier>
      <Extensions>cpp;c;cc;cxx;c++;cppm;ixx;def;odl;idl;hpj;bat;asm;asmx</Extensions>
    </Filter>
    <Filter Include="Header Files">
      <UniqueIdentifier>{93995380-89BD-4b04-88EB-625FBE52EBFB}</UniqueIdentifier>
      <Extensions>h;hh;hpp;hxx;h++;hm;inl;inc;ipp;xsd</Extensions>
    </Filter>
    <Filter Include="Resource Files">
      <UniqueIdentifier>{67DA6AB6-F800-4c08-8B7A-83BB121AAD01}</UniqueIdentifier>
      <Extensions>rc;ico;cur;bmp;dlg;rc2;rct;bin;rgs;gif;jpg;jpeg;jpe;resx;tiff;tif;png;wav;mfcribbon-ms</Extensions>
    </Filter>
    <Filter Include="Header Files\Editor">
      <UniqueIdentifier>{bb9cf1f1-8710-479d-9d69-76bc105b423e}</UniqueIdentifier>
    </Filter>
    <Filter Include="Header Files\Game">
      <UniqueIdentifier>{31d9963e-2ea9-40f9-ab25-98758e0f9605}</UniqueIdentifier>
    </Filter>
    <Filter Include="Source Files\Game">
      <UniqueIdentifier>{73102cae-2c5f-492a-a790-c9f6f306a160}</UniqueIdentifier>
    </Filter>
    <Filter Include="Source Files\Editor">
      <UniqueIdentifier>{a992328a-42f7-4a8c-95de-702475d53119}</UniqueIdentifier>
    </Filter>
  </ItemGroup>
  <ItemGroup>
    <ClInclude Include="Maze_Game\Directions.h">
      <Filter>Header Files\Game</Filter>
    </ClInclude>
    <ClInclude Include="Maze_Game\Enemies.h">
      <Filter>Header Files\Game</Filter>
    </ClInclude>
    <ClInclude Include="Maze_Game\Entity.h">
      <Filter>Header Files\Game</Filter>
    </ClInclude>
    <ClInclude Include="Maze_Game\GameObject.h">
      <Filter>Header Files\Game</Filter>
    </ClInclude>
    <ClInclude Include="Maze_Game\GameObjectFactory.h">
      <Filter>Header Files\Game</Filter>
    </ClInclude>
    <ClInclude Include="Maze_Game\Map.h">
      <Filter>Header Files\Game</Filter>
    </ClInclude>
    <ClInclude Include="Maze_Game\MapTiles.h">
      <Filter>Header Files\Game</Filter>
    </ClInclude>
    <ClInclude Include="Maze_Game\MazeGame.h">
      <Filter>Header Files\Game</Filter>
    </ClInclude>
    <ClInclude Include="Maze_Game\Player.h">
      <Filter>Header Files\Game</Filter>
    </ClInclude>
    <ClInclude Include="SharedGameFiles\Vector2.h">
      <Filter>Header Files\Game</Filter>
    </ClInclude>
    <ClInclude Include="Editor\LevelEditor.h">
      <Filter>Header Files\Editor</Filter>
    </ClInclude>
    <ClInclude Include="SharedGameFiles\GameCharacterInfo.h">
      <Filter>Header Files</Filter>
    </ClInclude>
    <ClInclude Include="SharedGameFiles\MapFileLoader.h">
      <Filter>Header Files</Filter>
    </ClInclude>
    <ClInclude Include="SharedGameFiles\MazeGameMenuSystem.h">
      <Filter>Header Files</Filter>
    </ClInclude>
    <ClInclude Include="SharedGameFiles\Prompting.h">
      <Filter>Header Files</Filter>
    </ClInclude>
    <ClInclude Include="SharedGameFiles\ConsoleManip.h">
      <Filter>Header Files</Filter>
    </ClInclude>
    <ClInclude Include="Maze_Game\ObjectMover.h">
      <Filter>Header Files</Filter>
    </ClInclude>
    <ClInclude Include="SharedGameFiles\Timing.h">
      <Filter>Header Files</Filter>
    </ClInclude>
    <ClInclude Include="SharedGameFiles\TwoDimensionalArray.h">
      <Filter>Header Files</Filter>
    </ClInclude>
    <ClInclude Include="Maze_Game\DoorTiles.h">
      <Filter>Header Files</Filter>
    </ClInclude>
    <ClInclude Include="Maze_Game\MapRenderer.h">
      <Filter>Header Files</Filter>
    </ClInclude>
    <ClInclude Include="Maze_Game\Items.h">
      <Filter>Header Files</Filter>
    </ClInclude>
  </ItemGroup>
  <ItemGroup>
    <ClCompile Include="Maze_Game\Enemies.cpp">
      <Filter>Source Files\Game</Filter>
    </ClCompile>
    <ClCompile Include="Maze_Game\GameObject.cpp">
      <Filter>Source Files\Game</Filter>
    </ClCompile>
    <ClCompile Include="Maze_Game\GameObjectsRegistrar.cpp">
      <Filter>Source Files\Game</Filter>
    </ClCompile>
    <ClCompile Include="Maze_Game\Map.cpp">
      <Filter>Source Files\Game</Filter>
    </ClCompile>
    <ClCompile Include="Maze_Game\MapTiles.cpp">
      <Filter>Source Files\Game</Filter>
    </ClCompile>
    <ClCompile Include="Maze_Game\MazeGame.cpp">
      <Filter>Source Files\Game</Filter>
    </ClCompile>
    <ClCompile Include="Maze_Game\Player.cpp">
      <Filter>Source Files\Game</Filter>
    </ClCompile>
    <ClCompile Include="Editor\LevelEditor.cpp">
      <Filter>Source Files\Editor</Filter>
    </ClCompile>
    <ClCompile Include="SharedGameFiles\main.cpp">
      <Filter>Source Files</Filter>
    </ClCompile>
    <ClCompile Include="SharedGameFiles\MazeGameMenuSystem.cpp">
      <Filter>Source Files</Filter>
    </ClCompile>
    <ClCompile Include="SharedGameFiles\MapFileLoader.cpp">
      <Filter>Source Files</Filter>
    </ClCompile>
    <ClCompile Include="SharedGameFiles\Prompting.cpp">
      <Filter>Source Files</Filter>
    </ClCompile>
    <ClCompile Include="Maze_Game\ObjectMover.cpp">
      <Filter>Source Files</Filter>
    </ClCompile>
    <ClCompile Include="Maze_Game\Entity.cpp">
      <Filter>Source Files</Filter>
    </ClCompile>
    <ClCompile Include="SharedGameFiles\ConsoleManip.cpp">
      <Filter>Source Files</Filter>
    </ClCompile>
    <ClCompile Include="Maze_Game\DoorTiles.cpp">
      <Filter>Source Files</Filter>
    </ClCompile>
    <ClCompile Include="Maze_Game\MapRenderer.cpp">
      <Filter>Source Files</Filter>
    </ClCompile>
    <ClCompile Include="Maze_Game\Items.cpp">
      <Filter>Source Files</Filter>
    </ClCompile>
  </ItemGroup>
</Project>