<?xml version="1.0" encoding="utf-8"?>
<Project ToolsVersion="4.0" xmlns="http://schemas.microsoft.com/developer/msbuild/2003">
  <ItemGroup>
    <Filter Include="Source Files">
      <UniqueIdentifier>{4FC737F1-C7A5-4376-A066-2A32D752A2FF}</UniqueIdentifier>
      <Extensions>cpp;c;cc;cxx;c++;cppm;ixx;def;odl;idl;hpj;bat;asm;asmx</Extensions>
    </Filter>
    <Filter Include="Header Files">
      <UniqueIdentifier>{93995380-89BD-4b04-88EB-625FBE52EBFB}</UniqueIdentifier>
      <Extensions>h;hh;hpp;hxx;h++;hm;inl;inc;ipp;xsd</Extensions>
    </Filter>
    <Filter Include="Resource Files">
      <UniqueIdentifier>{67DA6AB6-F800-4c08-8B7A-83BB121AAD01}</UniqueIdentifier>
      <Extensions>rc;ico;cur;bmp;dlg;rc2;rct;bin;rgs;gif;jpg;jpeg;jpe;resx;tiff;tif;png;wav;mfcribbon-ms</Extensions>
    </Filter>
  </ItemGroup>
  <ItemGroup>
    <ClCompile Include="main.cpp">
      <Filter>Source Files</Filter>
    </ClCompile>
    <ClCompile Include="Engine\SDL_integration\SpriteSDL.cpp">
      <Filter>Source Files</Filter>
    </ClCompile>
    <ClCompile Include="Engine\SDL_integration\WindowRenderer2D.h">
      <Filter>Source Files</Filter>
    </ClCompile>
    <ClCompile Include="Engine\Actor.cpp">
      <Filter>Source Files</Filter>
    </ClCompile>
    <ClCompile Include="Engine\ActorTags.cpp">
      <Filter>Source Files</Filter>
    </ClCompile>
    <ClCompile Include="Engine\Basic2dCollider.cpp">
      <Filter>Source Files</Filter>
    </ClCompile>
    <ClCompile Include="Engine\BasicRenderer.cpp">
      <Filter>Source Files</Filter>
    </ClCompile>
    <ClCompile Include="Game\ActorFactory.cpp">
      <Filter>Source Files</Filter>
    </ClCompile>
    <ClCompile Include="Game\ComponentRegistrar.cpp">
      <Filter>Source Files</Filter>
    </ClCompile>
    <ClCompile Include="Game\EnemyComponents.cpp">
      <Filter>Source Files</Filter>
    </ClCompile>
    <ClCompile Include="Game\HealthTracker.cpp">
      <Filter>Source Files</Filter>
    </ClCompile>
    <ClCompile Include="Game\PlayerComponents.cpp">
      <Filter>Source Files</Filter>
    </ClCompile>
    <ClCompile Include="Game\TileComponents.cpp">
      <Filter>Source Files</Filter>
    </ClCompile>
    <ClCompile Include="Game\World.cpp">
      <Filter>Source Files</Filter>
    </ClCompile>
    <ClCompile Include="System\ConsoleManip.cpp">
      <Filter>Source Files</Filter>
    </ClCompile>
    <ClCompile Include="System\G_Rand.cpp">
      <Filter>Source Files</Filter>
    </ClCompile>
    <ClCompile Include="System\Prompting.cpp">
      <Filter>Source Files</Filter>
    </ClCompile>
    <ClCompile Include="GameMain.cpp">
      <Filter>Source Files</Filter>
    </ClCompile>
    <ClCompile Include="Engine\SDL_integration\WindowRenderer2D.cpp">
      <Filter>Source Files</Filter>
    </ClCompile>
    <ClCompile Include="Engine\EngineRegistrar.cpp">
      <Filter>Source Files</Filter>
    </ClCompile>
  </ItemGroup>
  <ItemGroup>
    <None Include="SDL2.dll" />
  </ItemGroup>
  <ItemGroup>
    <ClInclude Include="Engine\SDL_integration\SpriteSDL.h">
      <Filter>Header Files</Filter>
    </ClInclude>
    <ClInclude Include="Engine\Actor.h">
      <Filter>Header Files</Filter>
    </ClInclude>
    <ClInclude Include="Engine\ActorTags.h">
      <Filter>Header Files</Filter>
    </ClInclude>
    <ClInclude Include="Engine\Basic2dCollider.h">
      <Filter>Header Files</Filter>
    </ClInclude>
    <ClInclude Include="Engine\BasicRenderer.h">
      <Filter>Header Files</Filter>
    </ClInclude>
    <ClInclude Include="Engine\Component.h">
      <Filter>Header Files</Filter>
    </ClInclude>
    <ClInclude Include="Engine\ComponentFactory.h">
      <Filter>Header Files</Filter>
    </ClInclude>
    <ClInclude Include="Game\ActorFactory.h">
      <Filter>Header Files</Filter>
    </ClInclude>
    <ClInclude Include="Game\Appearances.h">
      <Filter>Header Files</Filter>
    </ClInclude>
    <ClInclude Include="Game\EnemyComponents.h">
      <Filter>Header Files</Filter>
    </ClInclude>
    <ClInclude Include="Game\GameTags.h">
      <Filter>Header Files</Filter>
    </ClInclude>
    <ClInclude Include="Game\HealthTracker.h">
      <Filter>Header Files</Filter>
    </ClInclude>
    <ClInclude Include="Game\PlayerComponents.h">
      <Filter>Header Files</Filter>
    </ClInclude>
    <ClInclude Include="Game\TileComponents.h">
      <Filter>Header Files</Filter>
    </ClInclude>
    <ClInclude Include="Game\World.h">
      <Filter>Header Files</Filter>
    </ClInclude>
    <ClInclude Include="System\ConsoleManip.h">
      <Filter>Header Files</Filter>
    </ClInclude>
    <ClInclude Include="System\G_Rand.h">
      <Filter>Header Files</Filter>
    </ClInclude>
    <ClInclude Include="System\HighResTimer.h">
      <Filter>Header Files</Filter>
    </ClInclude>
    <ClInclude Include="System\Prompting.h">
      <Filter>Header Files</Filter>
    </ClInclude>
    <ClInclude Include="System\Timing.h">
      <Filter>Header Files</Filter>
    </ClInclude>
    <ClInclude Include="System\Vector2d.h">
      <Filter>Header Files</Filter>
    </ClInclude>
  </ItemGroup>
</Project>